{
  "requires": true,
  "lockfileVersion": 1,
  "dependencies": {
    "circular-json": {
      "version": "0.3.3",
      "resolved": "https://registry.npmjs.org/circular-json/-/circular-json-0.3.3.tgz",
      "integrity": "sha512-UZK3NBx2Mca+b5LsG7bY183pHWt5Y1xts4P3Pz7ENTwGVnJOUWbRb3ocjvX7hx9tq/yTAdclXm9sZ38gNuem4A=="
    },
    "cycle": {
      "version": "1.0.3",
      "resolved": "https://registry.npmjs.org/cycle/-/cycle-1.0.3.tgz",
      "integrity": "sha1-IegLK+hYD5i0aPN5QwZisEbDStI="
    },
    "cyclical-json": {
      "version": "2.1.3",
      "resolved": "https://registry.npmjs.org/cyclical-json/-/cyclical-json-2.1.3.tgz",
      "integrity": "sha512-yNjfLQCKQZi0mJ/Tl8IEMFhZpvy0Tk7aMJr6c9NP/Ct6UbRlFaI43CjP6NiDvC3k/2sC33L4DiSZk06/6rrAIA=="
    }
  }
}
